# This file is automatically @generated by Cargo.
# It is not intended for manual editing.
version = 4

[[package]]
name = "tor-client-ascii"
version = "0.1.0"
dependencies = [
 "tor-client-common",
 "tor-protocol",
]

[[package]]
name = "tor-client-common"
version = "0.1.0"
dependencies = [
 "tor-protocol",
]

[[package]]
name = "tor-client-text"
version = "0.1.0"
dependencies = [
 "tor-client-common",
 "tor-protocol",
]

[[package]]
name = "tor-protocol"
version = "0.1.0"

[[package]]
name = "tor-server"
version = "0.1.0"
dependencies = [
 "tor-protocol",
 "tor-simulation",
]

[[package]]
name = "tor-simulation"
version = "0.1.0"
dependencies = [
 "tor-world",
]

[[package]]
name = "tor-test-support"
version = "0.1.0"
dependencies = [
 "tor-client-common",
 "tor-protocol",
 "tor-simulation",
 "tor-world",
]

[[package]]
name = "tor-world"
version = "0.1.0"
